
Microsoft Visual Studio Solution File, Format Version 12.00
# Visual Studio Version 17
VisualStudioVersion = 17.14.36811.4 d17.14
MinimumVisualStudioVersion = 10.0.40219.1
Project("{FAE04EC0-301F-11D3-BF4B-00C04F79EFBC}") = "ProjetoEstudoAWS", "ProjetoEstudoAWS.csproj", "{6064BE14-693B-43F8-AC27-6BEA783834C8}"
EndProject
Project("{FAE04EC0-301F-11D3-BF4B-00C04F79EFBC}") = "ProjetoEstudoAWS.Infra", "..\ProjetoEstudoAWS.Infra\ProjetoEstudoAWS.Infra.csproj", "{880D8DCB-57DA-4247-9A0B-C3B83805CDAC}"
EndProject
Global
	GlobalSection(SolutionConfigurationPlatforms) = preSolution
		Debug|Any CPU = Debug|Any CPU
		Release|Any CPU = Release|Any CPU
	EndGlobalSection
	GlobalSection(ProjectConfigurationPlatforms) = postSolution
		{6064BE14-693B-43F8-AC27-6BEA783834C8}.Debug|Any CPU.ActiveCfg = Debug|Any CPU
		{6064BE14-693B-43F8-AC27-6BEA783834C8}.Debug|Any CPU.Build.0 = Debug|Any CPU
		{6064BE14-693B-43F8-AC27-6BEA783834C8}.Release|Any CPU.ActiveCfg = Release|Any CPU
		{6064BE14-693B-43F8-AC27-6BEA783834C8}.Release|Any CPU.Build.0 = Release|Any CPU
		{880D8DCB-57DA-4247-9A0B-C3B83805CDAC}.Debug|Any CPU.ActiveCfg = Debug|Any CPU
		{880D8DCB-57DA-4247-9A0B-C3B83805CDAC}.Debug|Any CPU.Build.0 = Debug|Any CPU
		{880D8DCB-57DA-4247-9A0B-C3B83805CDAC}.Release|Any CPU.ActiveCfg = Release|Any CPU
		{880D8DCB-57DA-4247-9A0B-C3B83805CDAC}.Release|Any CPU.Build.0 = Release|Any CPU
	EndGlobalSection
	GlobalSection(SolutionProperties) = preSolution
		HideSolutionNode = FALSE
	EndGlobalSection
	GlobalSection(ExtensibilityGlobals) = postSolution
		SolutionGuid = {D7B8C0E6-0F86-4E1A-906A-747686F9BB62}
	EndGlobalSection
EndGlobal
